{
    "_meta": {
        "hash": {
            "sha256": "93ed20a40e675036116e83db5e45f2a1d0c76be87a9af28978f1cef6cd2da9f0"
        },
        "pipfile-spec": 6,
        "requires": {},
        "sources": [
            {
                "name": "pypi",
                "url": "https://pypi.python.org/simple",
                "verify_ssl": true
            }
        ]
    },
    "default": {
        "appdirs": {
            "hashes": [
                "sha256:7d5d0167b2b1ba821647616af46a749d1c653740dd0d2415100fe26e27afdf41",
                "sha256:a841dacd6b99318a741b166adb07e19ee71a274450e68237b4650ca1055ab128"
            ],
            "index": "pypi",
            "version": "==1.4.4"
        },
        "blessings": {
            "hashes": [
                "sha256:98e5854d805f50a5b58ac2333411b0482516a8210f23f43308baeb58d77c157d",
                "sha256:b1fdd7e7a675295630f9ae71527a8ebc10bfefa236b3d6aa4932ee4462c17ba3",
                "sha256:caad5211e7ba5afe04367cdd4cfc68fa886e2e08f6f35e76b7387d2109ccea6e"
            ],
            "index": "pypi",
            "version": "==1.7"
        },
        "boltons": {
            "hashes": [
                "sha256:65e70a79a731a7fe6e98592ecfb5ccf2115873d01dbc576079874629e5c90f13",
                "sha256:b9bb7b58b2b420bbe11a6025fdef6d3e5edc9f76a42fb467afe7ca212ef9948b"
            ],
            "index": "pypi",
            "version": "==21.0.0"
        },
        "cachetools": {
            "hashes": [
                "sha256:486471dfa8799eb7ec503a8059e263db000cdda20075ce5e48903087f79d5fd6",
                "sha256:8fecd4203a38af17928be7b90689d8083603073622229ca7077b72d8e5a976e4"
            ],
            "version": "==5.0.0"
        },
        "certifi": {
            "hashes": [
                "sha256:78884e7c1d4b00ce3cea67b44566851c4343c120abd683433ce934a68ea58872",
                "sha256:d62a0163eb4c2344ac042ab2bdf75399a71a2d8c7d47eac2e2ee91b9d6339569"
            ],
            "version": "==2021.10.8"
        },
        "charset-normalizer": {
            "hashes": [
                "sha256:876d180e9d7432c5d1dfd4c5d26b72f099d503e8fcc0feb7532c9289be60fcbd",
                "sha256:cb957888737fc0bbcd78e3df769addb41fd1ff8cf950dc9e7ad7793f1bf44455"
            ],
            "markers": "python_version >= '3'",
            "version": "==2.0.10"
        },
        "dataclasses": {
            "hashes": [
                "sha256:454a69d788c7fda44efd71e259be79577822f5e3f53f029a22d08004e951dc9f",
                "sha256:6988bd2b895eef432d562370bb707d540f32f7360ab13da45340101bc2307d84"
            ],
            "index": "pypi",
            "version": "==0.6"
        },
        "diskcache": {
            "hashes": [
                "sha256:8879eb8c9b4a2509a5e633d2008634fb2b0b35c2b36192d89655dbde02419644",
                "sha256:af3ec6d7f167bbef7b6c33d9ee22f86d3e8f2dd7131eb7c4703d8d91ccdc0cc4"
            ],
            "index": "pypi",
            "version": "==5.4.0"
        },
        "google-api-core": {
            "hashes": [
                "sha256:58e2c1171a3d51778bf4e428fbb4bf79cbd05007b4b44deaa80cf73c80eebc0f",
                "sha256:ba8787b7c61632cd0340f095e1c036bef9426b2594f10afb290ba311ae8cb2cb"
            ],
            "version": "==2.4.0"
        },
        "google-api-python-client": {
            "hashes": [
                "sha256:533c69e8ddce6630a2ce5b98348f6a58a23df49cb92040a0086315df979404af",
                "sha256:9e8863dec46224d4375cf3834e27ffd4bce79858f0f00a6109a51e3e62b4f3c2"
            ],
            "index": "pypi",
            "version": "==2.36.0"
        },
        "google-auth": {
            "hashes": [
                "sha256:d1fad279d9d97e7d6b4a09a53e851ab2ee6d36d5c19547354a3f47a8a6ae41b9",
                "sha256:ef6f4827f6a3f9c5ff884616e2ba779acb5d690486fb70ca5e3091ed85ad932a"
            ],
            "version": "==2.4.0"
        },
        "google-auth-httplib2": {
            "hashes": [
                "sha256:31e49c36c6b5643b57e82617cb3e021e3e1d2df9da63af67252c02fa9c1f4a10",
                "sha256:a07c39fd632becacd3f07718dfd6021bf396978f03ad3ce4321d060015cc30ac"
            ],
            "version": "==0.1.0"
        },
        "google-auth-oauthlib": {
            "hashes": [
                "sha256:3f2a6e802eebbb6fb736a370fbf3b055edcb6b52878bf2f26330b5e041316c73",
                "sha256:a90a072f6993f2c327067bf65270046384cda5a8ecb20b94ea9a687f1f233a7a"
            ],
            "index": "pypi",
            "version": "==0.4.6"
        },
        "googleapis-common-protos": {
            "hashes": [
                "sha256:a4031d6ec6c2b1b6dc3e0be7e10a1bd72fb0b18b07ef9be7b51f2c1004ce2437",
                "sha256:e54345a2add15dc5e1a7891c27731ff347b4c33765d79b5ed7026a6c0c7cbcae"
            ],
            "version": "==1.54.0"
        },
        "httplib2": {
            "hashes": [
                "sha256:6b937120e7d786482881b44b8eec230c1ee1c5c1d06bce8cc865f25abbbf713b",
                "sha256:e404681d2fbcec7506bcb52c503f2b021e95bee0ef7d01e5c221468a2406d8dc"
            ],
            "version": "==0.20.2"
        },
        "idna": {
            "hashes": [
                "sha256:84d9dd047ffa80596e0f246e2eab0b391788b0503584e8945f2368256d2735ff",
                "sha256:9d643ff0a55b762d5cdb124b8eaa99c66322e2157b69160bc32796e824360e6d"
            ],
            "markers": "python_version >= '3'",
            "version": "==3.3"
        },
        "importlib-resources": {
            "hashes": [
                "sha256:33a95faed5fc19b4bc16b29a6eeae248a3fe69dd55d4d229d2b480e23eeaad45",
                "sha256:d756e2f85dd4de2ba89be0b21dba2a3bbec2e871a42a3a16719258a11f87506b"
            ],
            "index": "pypi",
            "version": "==5.4.0"
        },
        "oauthlib": {
            "hashes": [
                "sha256:42bf6354c2ed8c6acb54d971fce6f88193d97297e18602a3a886603f9d7730cc",
                "sha256:8f0215fcc533dd8dd1bee6f4c412d4f0cd7297307d43ac61666389e3bc3198a3"
            ],
            "version": "==3.1.1"
        },
        "packaging": {
            "hashes": [
                "sha256:dd47c42927d89ab911e606518907cc2d3a1f38bbd026385970643f9c5b8ecfeb",
                "sha256:ef103e05f519cdc783ae24ea4e2e0f508a9c99b2d4969652eed6a2e1ea5bd522"
            ],
            "index": "pypi",
            "version": "==21.3"
        },
        "protobuf": {
            "hashes": [
                "sha256:1291a0a7db7d792745c99d4657b4c5c4942695c8b1ac1bfb993a34035ec123f7",
                "sha256:18c40a1b8721026a85187640f1786d52407dc9c1ba8ec38accb57a46e84015f6",
                "sha256:1cb2ed66aac593adbf6dca4f07cd7ee7e2958b17bbc85b2cc8bc564ebeb258ec",
                "sha256:2acd7ca329be544d1a603d5f13a4e34a3791c90d651ebaf130ba2e43ae5397c6",
                "sha256:2cddcbcc222f3144765ccccdb35d3621dc1544da57a9aca7e1944c1a4fe3db11",
                "sha256:397d82f1c58b76445469c8c06b8dee1ff67b3053639d054f52599a458fac9bc6",
                "sha256:3bf3a07d17ba3511fe5fa916afb7351f482ab5dbab5afe71a7a384274a2cd550",
                "sha256:3f80a3491eaca767cdd86cb8660dc778f634b44abdb0dffc9b2a8e8d0cd617d0",
                "sha256:49677e5e9c7ea1245a90c2e8a00d304598f22ea3aa0628f0e0a530a9e70665fa",
                "sha256:544fe9705189b249380fae07952d220c97f5c6c9372a6f936cc83a79601dcb70",
                "sha256:6202df8ee8457cb00810c6e76ced480f22a1e4e02c899a14e7b6e6e1de09f938",
                "sha256:84bf3aa3efb00dbe1c7ed55da0f20800b0662541e582d7e62b3e1464d61ed365",
                "sha256:898bda9cd37ec0c781b598891e86435de80c3bfa53eb483a9dac5a11ec93e942",
                "sha256:8ad761ef3be34c8bdc7285bec4b40372a8dad9e70cfbdc1793cd3cf4c1a4ce74",
                "sha256:8ceaf5fdb72c8e1fcb7be9f2b3b07482ce058a3548180c0bdd5c7e4ac5e14165",
                "sha256:a9401d96552befcc7311f5ef8f0fa7dba0ef5fd805466b158b141606cd0ab6a8",
                "sha256:af7238849fa79285d448a24db686517570099739527a03c9c2971cce99cc5ae2",
                "sha256:afa8122de8064fd577f49ae9eef433561c8ace97a0a7b969d56e8b1d39b5d177",
                "sha256:b53519b2ebec70cfe24b4ddda21e9843f0918d7c3627a785393fb35d402ab8ad",
                "sha256:c781402ed5396ab56358d7b866d78c03a77cbc26ba0598d8bb0ac32084b1a257",
                "sha256:d975a6314fbf5c524d4981e24294739216b5fb81ef3c14b86fb4b045d6690907",
                "sha256:df2ba379ee42427e8fcc6a0a76843bff6efb34ef5266b17f95043939b5e25b69",
                "sha256:e54b8650e849ee8e95e481024bff92cf98f5ec61c7650cb838d928a140adcb63",
                "sha256:e765e6dfbbb02c55e4d6d1145743401a84fc0b508f5a81b2c5a738cf86353139",
                "sha256:ef02d112c025e83db5d1188a847e358beab3e4bbfbbaf10eaf69e67359af51b2",
                "sha256:f6d4b5b7595a57e69eb7314c67bef4a3c745b4caf91accaf72913d8e0635111b"
            ],
            "version": "==3.19.3"
        },
        "pyasn1": {
            "hashes": [
                "sha256:014c0e9976956a08139dc0712ae195324a75e142284d5f87f1a87ee1b068a359",
                "sha256:03840c999ba71680a131cfaee6fab142e1ed9bbd9c693e285cc6aca0d555e576",
                "sha256:0458773cfe65b153891ac249bcf1b5f8f320b7c2ce462151f8fa74de8934becf",
                "sha256:08c3c53b75eaa48d71cf8c710312316392ed40899cb34710d092e96745a358b7",
                "sha256:39c7e2ec30515947ff4e87fb6f456dfc6e84857d34be479c9d4a4ba4bf46aa5d",
                "sha256:5c9414dcfede6e441f7e8f81b43b34e834731003427e5b09e4e00e3172a10f00",
                "sha256:6e7545f1a61025a4e58bb336952c5061697da694db1cae97b116e9c46abcf7c8",
                "sha256:78fa6da68ed2727915c4767bb386ab32cdba863caa7dbe473eaae45f9959da86",
                "sha256:7ab8a544af125fb704feadb008c99a88805126fb525280b2270bb25cc1d78a12",
                "sha256:99fcc3c8d804d1bc6d9a099921e39d827026409a58f2a720dcdb89374ea0c776",
                "sha256:aef77c9fb94a3ac588e87841208bdec464471d9871bd5050a287cc9a475cd0ba",
                "sha256:e89bf84b5437b532b0803ba5c9a5e054d21fec423a89952a74f87fa2c9b7bce2",
                "sha256:fec3e9d8e36808a28efb59b489e4528c10ad0f480e57dcc32b4de5c9d8c9fdf3"
            ],
            "version": "==0.4.8"
        },
        "pyasn1-modules": {
            "hashes": [
                "sha256:0845a5582f6a02bb3e1bde9ecfc4bfcae6ec3210dd270522fee602365430c3f8",
                "sha256:0fe1b68d1e486a1ed5473f1302bd991c1611d319bba158e98b106ff86e1d7199",
                "sha256:15b7c67fabc7fc240d87fb9aabf999cf82311a6d6fb2c70d00d3d0604878c811",
                "sha256:426edb7a5e8879f1ec54a1864f16b882c2837bfd06eee62f2c982315ee2473ed",
                "sha256:65cebbaffc913f4fe9e4808735c95ea22d7a7775646ab690518c056784bc21b4",
                "sha256:905f84c712230b2c592c19470d3ca8d552de726050d1d1716282a1f6146be65e",
                "sha256:a50b808ffeb97cb3601dd25981f6b016cbb3d31fbf57a8b8a87428e6158d0c74",
                "sha256:a99324196732f53093a84c4369c996713eb8c89d360a496b599fb1a9c47fc3eb",
                "sha256:b80486a6c77252ea3a3e9b1e360bc9cf28eaac41263d173c032581ad2f20fe45",
                "sha256:c29a5e5cc7a3f05926aff34e097e84f8589cd790ce0ed41b67aed6857b26aafd",
                "sha256:cbac4bc38d117f2a49aeedec4407d23e8866ea4ac27ff2cf7fb3e5b570df19e0",
                "sha256:f39edd8c4ecaa4556e989147ebf219227e2cd2e8a43c7e7fcb1f1c18c5fd6a3d",
                "sha256:fe0644d9ab041506b62782e92b06b8c68cca799e1a9636ec398675459e031405"
            ],
            "version": "==0.2.8"
        },
        "pyparsing": {
            "hashes": [
                "sha256:18ee9022775d270c55187733956460083db60b37d0d0fb357445f3094eed3eea",
                "sha256:a6c06a88f252e6c322f65faf8f418b16213b51bdfaece0524c1c1bc30c63c484"
            ],
            "version": "==3.0.7"
        },
        "python-dateutil": {
            "hashes": [
                "sha256:0123cacc1627ae19ddf3c27a5de5bd67ee4586fbdd6440d9748f8abb483d3e86",
                "sha256:961d03dc3453ebbc59dbdea9e4e11c5651520a876d0f4db161e8674aae935da9"
            ],
            "index": "pypi",
            "version": "==2.8.2"
        },
        "ratelimit": {
            "hashes": [
                "sha256:af8a9b64b821529aca09ebaf6d8d279100d766f19e90b5059ac6a718ca6dee42"
            ],
            "index": "pypi",
            "version": "==2.2.1"
        },
        "requests": {
            "hashes": [
                "sha256:68d7c56fd5a8999887728ef304a6d12edc7be74f1cfa47714fc8b414525c9a61",
                "sha256:f22fa1e554c9ddfd16e6e41ac79759e17be9e492b3587efa038054674760e72d"
            ],
            "version": "==2.27.1"
        },
        "requests-oauthlib": {
            "hashes": [
                "sha256:7f71572defaecd16372f9006f33c2ec8c077c3cfa6f5911a9a90202beb513f3d",
                "sha256:b4261601a71fd721a8bd6d7aa1cc1d6a8a93b4a9f5e96626f8e4d91e8beeaa6a",
                "sha256:fa6c47b933f01060936d87ae9327fead68768b69c6c9ea2109c48be30f2d4dbc"
            ],
            "version": "==1.3.0"
        },
        "rsa": {
            "hashes": [
                "sha256:5c6bd9dc7a543b7fe4304a631f8a8a3b674e2bbfc49c2ae96200cdbe55df6b17",
                "sha256:95c5d300c4e879ee69708c428ba566c59478fd653cc3a22243eeb8ed846950bb"
            ],
            "markers": "python_version >= '3.6'",
            "version": "==4.8"
        },
        "six": {
            "hashes": [
                "sha256:30639c035cdb23534cd4aa2dd52c3bf48f06e5f4a941509c8bafd8ce11080259",
                "sha256:8b74bedcbbbaca38ff6d7491d76f2b06b3592611af620f8426e82dddb04a5ced"
            ],
            "index": "pypi",
            "version": "==1.15.0"
        },
        "typing-extensions": {
            "hashes": [
                "sha256:4ca091dea149f945ec56afb48dae714f21e8692ef22a395223bcd328961b6a0e",
                "sha256:7f001e5ac290a0c0401508864c7ec868be4e701886d5b573a9528ed3973d9d3b"
            ],
            "index": "pypi",
            "version": "==4.0.1"
        },
        "uritemplate": {
            "hashes": [
                "sha256:4346edfc5c3b79f694bccd6d6099a322bbeb628dbf2cd86eea55a456ce5124f0",
                "sha256:830c08b8d99bdd312ea4ead05994a38e8936266f84b9a7878232db50b044e02e"
            ],
            "version": "==4.1.1"
        },
        "urllib3": {
            "hashes": [
                "sha256:000ca7f471a233c2251c6c7023ee85305721bfdf18621ebff4fd17a8653427ed",
                "sha256:0e7c33d9a63e7ddfcb86780aac87befc2fbddf46c58dbb487e0855f7ceec283c"
            ],
            "version": "==1.26.8"
        },
        "zipp": {
            "hashes": [
                "sha256:9f50f446828eb9d45b267433fd3e9da8d801f614129124863f9c51ebceafb87d",
                "sha256:b47250dd24f92b7dd6a0a8fc5244da14608f3ca90a5efcd37a3b1642fac9a375"
            ],
            "markers": "python_version < '3.10'",
            "version": "==3.7.0"
        }
    },
    "develop": {
        "altgraph": {
            "hashes": [
                "sha256:743628f2ac6a7c26f5d9223c91ed8ecbba535f506f4b6f558885a8a56a105857",
                "sha256:ebf2269361b47d97b3b88e696439f6e4cbc607c17c51feb1754f90fb79839158"
            ],
            "version": "==0.17.2"
        },
        "attrs": {
            "hashes": [
                "sha256:2d27e3784d7a565d36ab851fe94887c5eccd6a463168875832a1be79c82828b4",
                "sha256:626ba8234211db98e869df76230a137c4c40a12d72445c45d5f5b716f076e2fd"
            ],
            "version": "==21.4.0"
        },
        "bump2version": {
            "hashes": [
                "sha256:37f927ea17cde7ae2d7baf832f8e80ce3777624554a653006c9144f8017fe410",
                "sha256:762cb2bfad61f4ec8e2bdf452c7c267416f8c70dd9ecb1653fd0bbb01fa936e6"
            ],
            "index": "pypi",
            "version": "==1.0.1"
        },
        "cfgv": {
            "hashes": [
                "sha256:c6a0883f3917a037485059700b9e75da2464e6c27051014ad85ba6aaa5884426",
                "sha256:f5a830efb9ce7a445376bb66ec94c638a9787422f96264c98edc6bdeed8ab736"
            ],
            "version": "==3.3.1"
        },
        "coverage": {
            "hashes": [
                "sha256:01774a2c2c729619760320270e42cd9e797427ecfddd32c2a7b639cdc481f3c0",
                "sha256:03b20e52b7d31be571c9c06b74746746d4eb82fc260e594dc662ed48145e9efd",
                "sha256:0a7726f74ff63f41e95ed3a89fef002916c828bb5fcae83b505b49d81a066884",
                "sha256:1219d760ccfafc03c0822ae2e06e3b1248a8e6d1a70928966bafc6838d3c9e48",
                "sha256:13362889b2d46e8d9f97c421539c97c963e34031ab0cb89e8ca83a10cc71ac76",
                "sha256:174cf9b4bef0db2e8244f82059a5a72bd47e1d40e71c68ab055425172b16b7d0",
                "sha256:17e6c11038d4ed6e8af1407d9e89a2904d573be29d51515f14262d7f10ef0a64",
                "sha256:215f8afcc02a24c2d9a10d3790b21054b58d71f4b3c6f055d4bb1b15cecce685",
                "sha256:22e60a3ca5acba37d1d4a2ee66e051f5b0e1b9ac950b5b0cf4aa5366eda41d47",
                "sha256:2641f803ee9f95b1f387f3e8f3bf28d83d9b69a39e9911e5bfee832bea75240d",
                "sha256:276651978c94a8c5672ea60a2656e95a3cce2a3f31e9fb2d5ebd4c215d095840",
                "sha256:3f7c17209eef285c86f819ff04a6d4cbee9b33ef05cbcaae4c0b4e8e06b3ec8f",
                "sha256:3feac4084291642165c3a0d9eaebedf19ffa505016c4d3db15bfe235718d4971",
                "sha256:49dbff64961bc9bdd2289a2bda6a3a5a331964ba5497f694e2cbd540d656dc1c",
                "sha256:4e547122ca2d244f7c090fe3f4b5a5861255ff66b7ab6d98f44a0222aaf8671a",
                "sha256:5829192582c0ec8ca4a2532407bc14c2f338d9878a10442f5d03804a95fac9de",
                "sha256:5d6b09c972ce9200264c35a1d53d43ca55ef61836d9ec60f0d44273a31aa9f17",
                "sha256:600617008aa82032ddeace2535626d1bc212dfff32b43989539deda63b3f36e4",
                "sha256:619346d57c7126ae49ac95b11b0dc8e36c1dd49d148477461bb66c8cf13bb521",
                "sha256:63c424e6f5b4ab1cf1e23a43b12f542b0ec2e54f99ec9f11b75382152981df57",
                "sha256:6dbc1536e105adda7a6312c778f15aaabe583b0e9a0b0a324990334fd458c94b",
                "sha256:6e1394d24d5938e561fbeaa0cd3d356207579c28bd1792f25a068743f2d5b282",
                "sha256:86f2e78b1eff847609b1ca8050c9e1fa3bd44ce755b2ec30e70f2d3ba3844644",
                "sha256:8bdfe9ff3a4ea37d17f172ac0dff1e1c383aec17a636b9b35906babc9f0f5475",
                "sha256:8e2c35a4c1f269704e90888e56f794e2d9c0262fb0c1b1c8c4ee44d9b9e77b5d",
                "sha256:92b8c845527eae547a2a6617d336adc56394050c3ed8a6918683646328fbb6da",
                "sha256:9365ed5cce5d0cf2c10afc6add145c5037d3148585b8ae0e77cc1efdd6aa2953",
                "sha256:9a29311bd6429be317c1f3fe4bc06c4c5ee45e2fa61b2a19d4d1d6111cb94af2",
                "sha256:9a2b5b52be0a8626fcbffd7e689781bf8c2ac01613e77feda93d96184949a98e",
                "sha256:a4bdeb0a52d1d04123b41d90a4390b096f3ef38eee35e11f0b22c2d031222c6c",
                "sha256:a9c8c4283e17690ff1a7427123ffb428ad6a52ed720d550e299e8291e33184dc",
                "sha256:b637c57fdb8be84e91fac60d9325a66a5981f8086c954ea2772efe28425eaf64",
                "sha256:bf154ba7ee2fd613eb541c2bc03d3d9ac667080a737449d1a3fb342740eb1a74",
                "sha256:c254b03032d5a06de049ce8bca8338a5185f07fb76600afff3c161e053d88617",
                "sha256:c332d8f8d448ded473b97fefe4a0983265af21917d8b0cdcb8bb06b2afe632c3",
                "sha256:c7912d1526299cb04c88288e148c6c87c0df600eca76efd99d84396cfe00ef1d",
                "sha256:cfd9386c1d6f13b37e05a91a8583e802f8059bebfccde61a418c5808dea6bbfa",
                "sha256:d5d2033d5db1d58ae2d62f095e1aefb6988af65b4b12cb8987af409587cc0739",
                "sha256:dca38a21e4423f3edb821292e97cec7ad38086f84313462098568baedf4331f8",
                "sha256:e2cad8093172b7d1595b4ad66f24270808658e11acf43a8f95b41276162eb5b8",
                "sha256:e3db840a4dee542e37e09f30859f1612da90e1c5239a6a2498c473183a50e781",
                "sha256:edcada2e24ed68f019175c2b2af2a8b481d3d084798b8c20d15d34f5c733fa58",
                "sha256:f467bbb837691ab5a8ca359199d3429a11a01e6dfb3d9dcc676dc035ca93c0a9",
                "sha256:f506af4f27def639ba45789fa6fde45f9a217da0be05f8910458e4557eed020c",
                "sha256:f614fc9956d76d8a88a88bb41ddc12709caa755666f580af3a688899721efecd",
                "sha256:f9afb5b746781fc2abce26193d1c817b7eb0e11459510fba65d2bd77fe161d9e",
                "sha256:fb8b8ee99b3fffe4fd86f4c81b35a6bf7e4462cba019997af2fe679365db0c49"
            ],
            "index": "pypi",
            "version": "==6.2"
        },
        "distlib": {
            "hashes": [
                "sha256:6564fe0a8f51e734df6333d08b8b94d4ea8ee6b99b5ed50613f731fd4089f34b",
                "sha256:e4b58818180336dc9c529bfb9a0b58728ffc09ad92027a3f30b7cd91e3458579"
            ],
            "version": "==0.3.4"
        },
        "filelock": {
            "hashes": [
                "sha256:38b4f4c989f9d06d44524df1b24bd19e167d851f19b50bf3e3559952dddc5b80",
                "sha256:cf0fc6a2f8d26bd900f19bf33915ca70ba4dd8c56903eeb14e1e7a2fd7590146"
            ],
            "version": "==3.4.2"
        },
        "identify": {
            "hashes": [
                "sha256:6b4b5031f69c48bf93a646b90de9b381c6b5f560df4cbe0ed3cf7650ae741e4d",
                "sha256:aa68609c7454dbcaae60a01ff6b8df1de9b39fe6e50b1f6107ec81dcda624aa6"
            ],
            "version": "==2.4.4"
        },
        "importlib-metadata": {
            "hashes": [
                "sha256:899e2a40a8c4a1aec681feef45733de8a6c58f3f6a0dbed2eb6574b4387a77b6",
                "sha256:951f0d8a5b7260e9db5e41d429285b5f451e928479f19d80818878527d36e95e"
            ],
            "index": "pypi",
            "version": "==4.10.1"
        },
        "iniconfig": {
            "hashes": [
                "sha256:011e24c64b7f47f6ebd835bb12a743f2fbe9a26d4cecaa7f53bc4f35ee9da8b3",
                "sha256:bc3af051d7d14b2ee5ef9969666def0cd1a000e121eaea580d4a313df4b37f32"
            ],
            "version": "==1.1.1"
        },
        "isort": {
            "hashes": [
                "sha256:6f62d78e2f89b4500b080fe3a81690850cd254227f27f75c3a0c491a1f351ba7",
                "sha256:e8443a5e7a020e9d7f97f1d7d9cd17c88bcb3bc7e218bf9cf5095fe550be2951"
            ],
            "index": "pypi",
            "version": "==5.10.1"
        },
        "mypy": {
            "hashes": [
                "sha256:0038b21890867793581e4cb0d810829f5fd4441aa75796b53033af3aa30430ce",
                "sha256:1171f2e0859cfff2d366da2c7092b06130f232c636a3f7301e3feb8b41f6377d",
                "sha256:1b06268df7eb53a8feea99cbfff77a6e2b205e70bf31743e786678ef87ee8069",
                "sha256:1b65714dc296a7991000b6ee59a35b3f550e0073411ac9d3202f6516621ba66c",
                "sha256:1bf752559797c897cdd2c65f7b60c2b6969ffe458417b8d947b8340cc9cec08d",
                "sha256:300717a07ad09525401a508ef5d105e6b56646f7942eb92715a1c8d610149714",
                "sha256:3c5b42d0815e15518b1f0990cff7a705805961613e701db60387e6fb663fe78a",
                "sha256:4365c60266b95a3f216a3047f1d8e3f895da6c7402e9e1ddfab96393122cc58d",
                "sha256:50c7346a46dc76a4ed88f3277d4959de8a2bd0a0fa47fa87a4cde36fe247ac05",
                "sha256:5b56154f8c09427bae082b32275a21f500b24d93c88d69a5e82f3978018a0266",
                "sha256:74f7eccbfd436abe9c352ad9fb65872cc0f1f0a868e9d9c44db0893440f0c697",
                "sha256:7b3f6f557ba4afc7f2ce6d3215d5db279bcf120b3cfd0add20a5d4f4abdae5bc",
                "sha256:8c11003aaeaf7cc2d0f1bc101c1cc9454ec4cc9cb825aef3cafff8a5fdf4c799",
                "sha256:8ca7f8c4b1584d63c9a0f827c37ba7a47226c19a23a753d52e5b5eddb201afcd",
                "sha256:c89702cac5b302f0c5d33b172d2b55b5df2bede3344a2fbed99ff96bddb2cf00",
                "sha256:d8f1ff62f7a879c9fe5917b3f9eb93a79b78aad47b533911b853a757223f72e7",
                "sha256:d9d2b84b2007cea426e327d2483238f040c49405a6bf4074f605f0156c91a47a",
                "sha256:e839191b8da5b4e5d805f940537efcaa13ea5dd98418f06dc585d2891d228cf0",
                "sha256:f9fe20d0872b26c4bba1c1be02c5340de1019530302cf2dcc85c7f9fc3252ae0",
                "sha256:ff3bf387c14c805ab1388185dd22d6b210824e164d4bb324b195ff34e322d166"
            ],
            "index": "pypi",
            "version": "==0.931"
        },
        "mypy-extensions": {
            "hashes": [
                "sha256:090fedd75945a69ae91ce1303b5824f428daf5a028d2f6ab8a299250a846f15d",
                "sha256:2d82818f5bb3e369420cb3c4060a7970edba416647068eb4c5343488a6c604a8"
            ],
            "version": "==0.4.3"
        },
        "nodeenv": {
            "hashes": [
                "sha256:3ef13ff90291ba2a4a7a4ff9a979b63ffdd00a464dbe04acf0ea6471517a4c2b",
                "sha256:621e6b7076565ddcacd2db0294c0381e01fd28945ab36bcf00f41c5daf63bef7"
            ],
            "version": "==1.6.0"
        },
        "packaging": {
            "hashes": [
                "sha256:dd47c42927d89ab911e606518907cc2d3a1f38bbd026385970643f9c5b8ecfeb",
                "sha256:ef103e05f519cdc783ae24ea4e2e0f508a9c99b2d4969652eed6a2e1ea5bd522"
            ],
            "index": "pypi",
            "version": "==21.3"
        },
        "platformdirs": {
            "hashes": [
                "sha256:1d7385c7db91728b83efd0ca99a5afb296cab9d0ed8313a45ed8ba17967ecfca",
                "sha256:440633ddfebcc36264232365d7840a970e75e1018d15b4327d11f91909045fda"
            ],
            "version": "==2.4.1"
        },
        "pluggy": {
            "hashes": [
                "sha256:4224373bacce55f955a878bf9cfa763c1e360858e330072059e10bad68531159",
                "sha256:74134bbf457f031a36d68416e1509f34bd5ccc019f0bcc952c7b909d06b37bd3"
            ],
            "version": "==1.0.0"
        },
        "pre-commit": {
            "hashes": [
                "sha256:725fa7459782d7bec5ead072810e47351de01709be838c2ce1726b9591dad616",
                "sha256:c1a8040ff15ad3d648c70cc3e55b93e4d2d5b687320955505587fd79bbaed06a"
            ],
            "index": "pypi",
            "version": "==2.17.0"
        },
        "py": {
            "hashes": [
                "sha256:51c75c4126074b472f746a24399ad32f6053d1b34b68d2fa41e558e6f4a98719",
                "sha256:607c53218732647dff4acdfcd50cb62615cedf612e72d1724fb1a0cc6405b378"
            ],
            "version": "==1.11.0"
        },
        "pyinstaller": {
            "hashes": [
                "sha256:15d9266d78dc757c103962826e62bce1513825078160be580534ead2ef53087c",
                "sha256:44783d58ac4cb0a74a4f2180da4dacbe6a7a013a62b3aa10be6082252e296954",
                "sha256:4c848720a65a5bd41249bc804d1bd3dd089bb56aef7f1c5e11f774f11e649443",
                "sha256:53ed05214dd67624756fe4e82e861857921a79d0392debf8c9f5bb0ba5a479b6",
                "sha256:5c2fd5f18c0397f3d9160446035556afc7f6446fd88048887fdf46eadf85c5ec",
                "sha256:6f5cdc39fbdec7b2e0c46cc0f5bd0071bb85e592e324bf4e15375c5ff19e55fc",
                "sha256:7ae868bbcc502832a2c802c84a1dbb9f48b44445c50144c29bfcd7b760140e13",
                "sha256:9fbb05f5f67862005234da8c7eac69ef87e086f90e345749260051b031774c52",
                "sha256:b0b3a31aa60292469f9595f298e2c147cba29c30edcd92a38fdce27727809625",
                "sha256:b720853a00bd9547b7d6403d85f23b7f7e451e41bc907673d9fc7f8d9d274594",
                "sha256:f00e1296abac71f3b5bb9fdc2e0d4c079201d62faeeeb894ccadd0616179fee3"
            ],
            "index": "pypi",
            "version": "==4.8"
        },
        "pyinstaller-hooks-contrib": {
            "hashes": [
                "sha256:e47b382c209dd2f62ac2ef26cade49148e9a4702ec91958772b0270599f8c2a9",
                "sha256:e658281cbf90570d9bc6a06f4b8f64c28d1076c722f6fb80c02a863bcbb8e7cd"
            ],
            "version": "==2021.5"
        },
        "pyparsing": {
            "hashes": [
                "sha256:18ee9022775d270c55187733956460083db60b37d0d0fb357445f3094eed3eea",
                "sha256:a6c06a88f252e6c322f65faf8f418b16213b51bdfaece0524c1c1bc30c63c484"
            ],
            "version": "==3.0.7"
        },
        "pytest": {
            "hashes": [
                "sha256:131b36680866a76e6781d13f101efb86cf674ebb9762eb70d3082b6f29889e89",
                "sha256:7310f8d27bc79ced999e760ca304d69f6ba6c6649c0b60fb0e04a4a77cacc134"
            ],
            "index": "pypi",
            "version": "==6.2.5"
        },
        "pytest-cov": {
            "hashes": [
                "sha256:578d5d15ac4a25e5f961c938b85a05b09fdaae9deef3bb6de9a6e766622ca7a6",
                "sha256:e7f0f5b1617d2210a2cabc266dfe2f4c75a8d32fb89eafb7ad9d06f6d076d470"
            ],
            "index": "pypi",
            "version": "==3.0.0"
        },
        "pytest-forked": {
            "hashes": [
                "sha256:8b67587c8f98cbbadfdd804539ed5455b6ed03802203485dd2f53c1422d7440e",
                "sha256:bbbb6717efc886b9d64537b41fb1497cfaf3c9601276be8da2cccfea5a3c8ad8"
            ],
            "index": "pypi",
            "version": "==1.4.0"
        },
        "pytest-snapshot": {
            "hashes": [
                "sha256:cc75e1a89a394ff790a7032e4eec7cc64aee0fef4c6c11eab038c991532619e6",
                "sha256:cf84c88c3e0b4ae08ae797d9ccdc32715b64dd68b2da40f575db56956ed23326"
            ],
            "index": "pypi",
            "version": "==0.8.0"
        },
        "pyyaml": {
            "hashes": [
                "sha256:0283c35a6a9fbf047493e3a0ce8d79ef5030852c51e9d911a27badfde0605293",
                "sha256:055d937d65826939cb044fc8c9b08889e8c743fdc6a32b33e2390f66013e449b",
                "sha256:07751360502caac1c067a8132d150cf3d61339af5691fe9e87803040dbc5db57",
                "sha256:0b4624f379dab24d3725ffde76559cff63d9ec94e1736b556dacdfebe5ab6d4b",
                "sha256:0ce82d761c532fe4ec3f87fc45688bdd3a4c1dc5e0b4a19814b9009a29baefd4",
                "sha256:1e4747bc279b4f613a09eb64bba2ba602d8a6664c6ce6396a4d0cd413a50ce07",
                "sha256:213c60cd50106436cc818accf5baa1aba61c0189ff610f64f4a3e8c6726218ba",
                "sha256:231710d57adfd809ef5d34183b8ed1eeae3f76459c18fb4a0b373ad56bedcdd9",
                "sha256:277a0ef2981ca40581a47093e9e2d13b3f1fbbeffae064c1d21bfceba2030287",
                "sha256:2cd5df3de48857ed0544b34e2d40e9fac445930039f3cfe4bcc592a1f836d513",
                "sha256:40527857252b61eacd1d9af500c3337ba8deb8fc298940291486c465c8b46ec0",
                "sha256:473f9edb243cb1935ab5a084eb238d842fb8f404ed2193a915d1784b5a6b5fc0",
                "sha256:48c346915c114f5fdb3ead70312bd042a953a8ce5c7106d5bfb1a5254e47da92",
                "sha256:50602afada6d6cbfad699b0c7bb50d5ccffa7e46a3d738092afddc1f9758427f",
                "sha256:68fb519c14306fec9720a2a5b45bc9f0c8d1b9c72adf45c37baedfcd949c35a2",
                "sha256:77f396e6ef4c73fdc33a9157446466f1cff553d979bd00ecb64385760c6babdc",
                "sha256:819b3830a1543db06c4d4b865e70ded25be52a2e0631ccd2f6a47a2822f2fd7c",
                "sha256:897b80890765f037df3403d22bab41627ca8811ae55e9a722fd0392850ec4d86",
                "sha256:98c4d36e99714e55cfbaaee6dd5badbc9a1ec339ebfc3b1f52e293aee6bb71a4",
                "sha256:9df7ed3b3d2e0ecfe09e14741b857df43adb5a3ddadc919a2d94fbdf78fea53c",
                "sha256:9fa600030013c4de8165339db93d182b9431076eb98eb40ee068700c9c813e34",
                "sha256:a80a78046a72361de73f8f395f1f1e49f956c6be882eed58505a15f3e430962b",
                "sha256:b3d267842bf12586ba6c734f89d1f5b871df0273157918b0ccefa29deb05c21c",
                "sha256:b5b9eccad747aabaaffbc6064800670f0c297e52c12754eb1d976c57e4f74dcb",
                "sha256:c5687b8d43cf58545ade1fe3e055f70eac7a5a1a0bf42824308d868289a95737",
                "sha256:cba8c411ef271aa037d7357a2bc8f9ee8b58b9965831d9e51baf703280dc73d3",
                "sha256:d15a181d1ecd0d4270dc32edb46f7cb7733c7c508857278d3d378d14d606db2d",
                "sha256:d4db7c7aef085872ef65a8fd7d6d09a14ae91f691dec3e87ee5ee0539d516f53",
                "sha256:d4eccecf9adf6fbcc6861a38015c2a64f38b9d94838ac1810a9023a0609e1b78",
                "sha256:d67d839ede4ed1b28a4e8909735fc992a923cdb84e618544973d7dfc71540803",
                "sha256:daf496c58a8c52083df09b80c860005194014c3698698d1a57cbcfa182142a3a",
                "sha256:e61ceaab6f49fb8bdfaa0f92c4b57bcfbea54c09277b1b4f7ac376bfb7a7c174",
                "sha256:f84fbc98b019fef2ee9a1cb3ce93e3187a6df0b2538a651bfb890254ba9f90b5"
            ],
            "version": "==6.0"
        },
        "six": {
            "hashes": [
                "sha256:30639c035cdb23534cd4aa2dd52c3bf48f06e5f4a941509c8bafd8ce11080259",
                "sha256:8b74bedcbbbaca38ff6d7491d76f2b06b3592611af620f8426e82dddb04a5ced"
            ],
            "index": "pypi",
            "version": "==1.15.0"
        },
        "toml": {
            "hashes": [
                "sha256:806143ae5bfb6a3c6e736a764057db0e6a0e05e338b5630894a5f779cabb4f9b",
                "sha256:b3bda1d108d5dd99f4a20d24d9c348e91c4db7ab1b749200bded2f839ccbe68f"
            ],
            "version": "==0.10.2"
        },
        "tomli": {
            "hashes": [
                "sha256:b5bde28da1fed24b9bd1d4d2b8cba62300bfb4ec9a6187a957e8ddb9434c5224",
                "sha256:c292c34f58502a1eb2bbb9f5bbc9a5ebc37bee10ffb8c2d6bbdfa8eb13cc14e1"
            ],
            "version": "==2.0.0"
        },
        "typing-extensions": {
            "hashes": [
                "sha256:4ca091dea149f945ec56afb48dae714f21e8692ef22a395223bcd328961b6a0e",
                "sha256:7f001e5ac290a0c0401508864c7ec868be4e701886d5b573a9528ed3973d9d3b"
            ],
            "index": "pypi",
            "version": "==4.0.1"
        },
        "virtualenv": {
            "hashes": [
                "sha256:339f16c4a86b44240ba7223d0f93a7887c3ca04b5f9c8129da7958447d079b09",
                "sha256:d8458cf8d59d0ea495ad9b34c2599487f8a7772d796f9910858376d1600dd2dd"
            ],
            "version": "==20.13.0"
        },
        "yapf": {
            "hashes": [
                "sha256:8fea849025584e486fd06d6ba2bed717f396080fd3cc236ba10cb97c4c51cf32",
                "sha256:a3f5085d37ef7e3e004c4ba9f9b3e40c54ff1901cd111f05145ae313a7c67d1b"
            ],
            "index": "pypi",
            "version": "==0.32.0"
        },
        "zipp": {
            "hashes": [
                "sha256:9f50f446828eb9d45b267433fd3e9da8d801f614129124863f9c51ebceafb87d",
                "sha256:b47250dd24f92b7dd6a0a8fc5244da14608f3ca90a5efcd37a3b1642fac9a375"
            ],
            "markers": "python_version < '3.10'",
            "version": "==3.7.0"
        }
    }
}
